
Microsoft Visual Studio Solution File, Format Version 12.00
# Visual Studio 15
VisualStudioVersion = 15.0.27130.2036
MinimumVisualStudioVersion = 10.0.40219.1
Project("{FAE04EC0-301F-11D3-BF4B-00C04F79EFBC}") = "Odonto.Repository", "Odonto.Repository\Odonto.Repository.csproj", "{AC2092F1-138E-4540-817B-9BB96729769B}"
EndProject
Project("{FAE04EC0-301F-11D3-BF4B-00C04F79EFBC}") = "Odonto.Domain", "Odonto.Domain\Odonto.Domain.csproj", "{9DBA05B4-8303-4ABB-B20A-DB7B2FDED91B}"
EndProject
Project("{FAE04EC0-301F-11D3-BF4B-00C04F79EFBC}") = "Odonto.Mvc", "Odonto.Mvc\Odonto.Mvc.csproj", "{369353BE-1113-446E-A2A4-C9AAEAA4BFD1}"
EndProject
Global
	GlobalSection(SolutionConfigurationPlatforms) = preSolution
		Debug|Any CPU = Debug|Any CPU
		Release|Any CPU = Release|Any CPU
	EndGlobalSection
	GlobalSection(ProjectConfigurationPlatforms) = postSolution
		{AC2092F1-138E-4540-817B-9BB96729769B}.Debug|Any CPU.ActiveCfg = Debug|Any CPU
		{AC2092F1-138E-4540-817B-9BB96729769B}.Debug|Any CPU.Build.0 = Debug|Any CPU
		{AC2092F1-138E-4540-817B-9BB96729769B}.Release|Any CPU.ActiveCfg = Release|Any CPU
		{AC2092F1-138E-4540-817B-9BB96729769B}.Release|Any CPU.Build.0 = Release|Any CPU
		{9DBA05B4-8303-4ABB-B20A-DB7B2FDED91B}.Debug|Any CPU.ActiveCfg = Debug|Any CPU
		{9DBA05B4-8303-4ABB-B20A-DB7B2FDED91B}.Debug|Any CPU.Build.0 = Debug|Any CPU
		{9DBA05B4-8303-4ABB-B20A-DB7B2FDED91B}.Release|Any CPU.ActiveCfg = Release|Any CPU
		{9DBA05B4-8303-4ABB-B20A-DB7B2FDED91B}.Release|Any CPU.Build.0 = Release|Any CPU
		{369353BE-1113-446E-A2A4-C9AAEAA4BFD1}.Debug|Any CPU.ActiveCfg = Debug|Any CPU
		{369353BE-1113-446E-A2A4-C9AAEAA4BFD1}.Debug|Any CPU.Build.0 = Debug|Any CPU
		{369353BE-1113-446E-A2A4-C9AAEAA4BFD1}.Release|Any CPU.ActiveCfg = Release|Any CPU
		{369353BE-1113-446E-A2A4-C9AAEAA4BFD1}.Release|Any CPU.Build.0 = Release|Any CPU
	EndGlobalSection
	GlobalSection(SolutionProperties) = preSolution
		HideSolutionNode = FALSE
	EndGlobalSection
	GlobalSection(ExtensibilityGlobals) = postSolution
		SolutionGuid = {C1D649E2-D2C3-4D9D-BEBA-87681C3153D4}
	EndGlobalSection
EndGlobal
